
Microsoft Visual Studio Solution File, Format Version 12.00
# Visual Studio Version 17
VisualStudioVersion = 17.9.34728.123
MinimumVisualStudioVersion = 10.0.40219.1
Project("{FAE04EC0-301F-11D3-BF4B-00C04F79EFBC}") = "AuthApp", "AuthApp.csproj", "{5F6067DB-A1B5-4F6B-9967-2498C6A4060D}"
EndProject
Global
	GlobalSection(SolutionConfigurationPlatforms) = preSolution
		Debug|Any CPU = Debug|Any CPU
		Release|Any CPU = Release|Any CPU
	EndGlobalSection
	GlobalSection(ProjectConfigurationPlatforms) = postSolution
		{5F6067DB-A1B5-4F6B-9967-2498C6A4060D}.Debug|Any CPU.ActiveCfg = Debug|Any CPU
		{5F6067DB-A1B5-4F6B-9967-2498C6A4060D}.Debug|Any CPU.Build.0 = Debug|Any CPU
		{5F6067DB-A1B5-4F6B-9967-2498C6A4060D}.Release|Any CPU.ActiveCfg = Release|Any CPU
		{5F6067DB-A1B5-4F6B-9967-2498C6A4060D}.Release|Any CPU.Build.0 = Release|Any CPU
	EndGlobalSection
	GlobalSection(SolutionProperties) = preSolution
		HideSolutionNode = FALSE
	EndGlobalSection
	GlobalSection(ExtensibilityGlobals) = postSolution
		SolutionGuid = {81EF4044-8551-45A5-BBF1-71CF8762434A}
	EndGlobalSection
EndGlobal
